
Microsoft Visual Studio Solution File, Format Version 12.00
# Visual Studio 14
VisualStudioVersion = 14.0.23107.0
MinimumVisualStudioVersion = 10.0.40219.1
Project("{FAE04EC0-301F-11D3-BF4B-00C04F79EFBC}") = "InPassing", "InPassing\InPassing\InPassing.csproj", "{EEBEB58F-C3C8-476A-942F-7F7660368467}"
EndProject
Project("{FAE04EC0-301F-11D3-BF4B-00C04F79EFBC}") = "InPassing.Droid", "InPassing\InPassing.Droid\InPassing.Droid.csproj", "{2E4571D5-A49D-4B8C-875B-BF33FBA3777A}"
EndProject
Project("{FAE04EC0-301F-11D3-BF4B-00C04F79EFBC}") = "InPassing.iOS", "InPassing\InPassing.iOS\InPassing.iOS.csproj", "{BAB0CCFB-C4FB-4529-BC6F-FF28DBD9C50A}"
EndProject
Project("{FAE04EC0-301F-11D3-BF4B-00C04F79EFBC}") = "InPassing.WinPhone", "InPassing\InPassing.WinPhone\InPassing.WinPhone.csproj", "{593F99F0-9058-459F-9A2E-0286CFA642A4}"
EndProject
Project("{FAE04EC0-301F-11D3-BF4B-00C04F79EFBC}") = "InPassing.UWP", "InPassing\InPassing.UWP\InPassing.UWP.csproj", "{12D4BF7E-AD2E-4D15-9E66-145EB0A86F82}"
EndProject
Project("{FAE04EC0-301F-11D3-BF4B-00C04F79EFBC}") = "InPassing.Windows", "InPassing\InPassing.Windows\InPassing.Windows.csproj", "{C125252A-E4FC-45BD-9849-B81F4B55C037}"
EndProject
Global
	GlobalSection(SolutionConfigurationPlatforms) = preSolution
		Ad-Hoc|Any CPU = Ad-Hoc|Any CPU
		Ad-Hoc|ARM = Ad-Hoc|ARM
		Ad-Hoc|iPhone = Ad-Hoc|iPhone
		Ad-Hoc|iPhoneSimulator = Ad-Hoc|iPhoneSimulator
		Ad-Hoc|x64 = Ad-Hoc|x64
		Ad-Hoc|x86 = Ad-Hoc|x86
		AppStore|Any CPU = AppStore|Any CPU
		AppStore|ARM = AppStore|ARM
		AppStore|iPhone = AppStore|iPhone
		AppStore|iPhoneSimulator = AppStore|iPhoneSimulator
		AppStore|x64 = AppStore|x64
		AppStore|x86 = AppStore|x86
		Debug|Any CPU = Debug|Any CPU
		Debug|ARM = Debug|ARM
		Debug|iPhone = Debug|iPhone
		Debug|iPhoneSimulator = Debug|iPhoneSimulator
		Debug|x64 = Debug|x64
		Debug|x86 = Debug|x86
		Release|Any CPU = Release|Any CPU
		Release|ARM = Release|ARM
		Release|iPhone = Release|iPhone
		Release|iPhoneSimulator = Release|iPhoneSimulator
		Release|x64 = Release|x64
		Release|x86 = Release|x86
	EndGlobalSection
	GlobalSection(ProjectConfigurationPlatforms) = postSolution
		{EEBEB58F-C3C8-476A-942F-7F7660368467}.Ad-Hoc|Any CPU.ActiveCfg = Release|Any CPU
		{EEBEB58F-C3C8-476A-942F-7F7660368467}.Ad-Hoc|Any CPU.Build.0 = Release|Any CPU
		{EEBEB58F-C3C8-476A-942F-7F7660368467}.Ad-Hoc|ARM.ActiveCfg = Release|Any CPU
		{EEBEB58F-C3C8-476A-942F-7F7660368467}.Ad-Hoc|ARM.Build.0 = Release|Any CPU
		{EEBEB58F-C3C8-476A-942F-7F7660368467}.Ad-Hoc|iPhone.ActiveCfg = Release|Any CPU
		{EEBEB58F-C3C8-476A-942F-7F7660368467}.Ad-Hoc|iPhone.Build.0 = Release|Any CPU
		{EEBEB58F-C3C8-476A-942F-7F7660368467}.Ad-Hoc|iPhoneSimulator.ActiveCfg = Release|Any CPU
		{EEBEB58F-C3C8-476A-942F-7F7660368467}.Ad-Hoc|iPhoneSimulator.Build.0 = Release|Any CPU
		{EEBEB58F-C3C8-476A-942F-7F7660368467}.Ad-Hoc|x64.ActiveCfg = Release|Any CPU
		{EEBEB58F-C3C8-476A-942F-7F7660368467}.Ad-Hoc|x64.Build.0 = Release|Any CPU
		{EEBEB58F-C3C8-476A-942F-7F7660368467}.Ad-Hoc|x86.ActiveCfg = Release|Any CPU
		{EEBEB58F-C3C8-476A-942F-7F7660368467}.Ad-Hoc|x86.Build.0 = Release|Any CPU
		{EEBEB58F-C3C8-476A-942F-7F7660368467}.AppStore|Any CPU.ActiveCfg = Release|Any CPU
		{EEBEB58F-C3C8-476A-942F-7F7660368467}.AppStore|Any CPU.Build.0 = Release|Any CPU
		{EEBEB58F-C3C8-476A-942F-7F7660368467}.AppStore|ARM.ActiveCfg = Release|Any CPU
		{EEBEB58F-C3C8-476A-942F-7F7660368467}.AppStore|ARM.Build.0 = Release|Any CPU
		{EEBEB58F-C3C8-476A-942F-7F7660368467}.AppStore|iPhone.ActiveCfg = Release|Any CPU
		{EEBEB58F-C3C8-476A-942F-7F7660368467}.AppStore|iPhone.Build.0 = Release|Any CPU
		{EEBEB58F-C3C8-476A-942F-7F7660368467}.AppStore|iPhoneSimulator.ActiveCfg = Release|Any CPU
		{EEBEB58F-C3C8-476A-942F-7F7660368467}.AppStore|iPhoneSimulator.Build.0 = Release|Any CPU
		{EEBEB58F-C3C8-476A-942F-7F7660368467}.AppStore|x64.ActiveCfg = Release|Any CPU
		{EEBEB58F-C3C8-476A-942F-7F7660368467}.AppStore|x64.Build.0 = Release|Any CPU
		{EEBEB58F-C3C8-476A-942F-7F7660368467}.AppStore|x86.ActiveCfg = Release|Any CPU
		{EEBEB58F-C3C8-476A-942F-7F7660368467}.AppStore|x86.Build.0 = Release|Any CPU
		{EEBEB58F-C3C8-476A-942F-7F7660368467}.Debug|Any CPU.ActiveCfg = Debug|Any CPU
		{EEBEB58F-C3C8-476A-942F-7F7660368467}.Debug|Any CPU.Build.0 = Debug|Any CPU
		{EEBEB58F-C3C8-476A-942F-7F7660368467}.Debug|ARM.ActiveCfg = Debug|Any CPU
		{EEBEB58F-C3C8-476A-942F-7F7660368467}.Debug|ARM.Build.0 = Debug|Any CPU
		{EEBEB58F-C3C8-476A-942F-7F7660368467}.Debug|iPhone.ActiveCfg = Debug|Any CPU
		{EEBEB58F-C3C8-476A-942F-7F7660368467}.Debug|iPhone.Build.0 = Debug|Any CPU
		{EEBEB58F-C3C8-476A-942F-7F7660368467}.Debug|iPhoneSimulator.ActiveCfg = Debug|Any CPU
		{EEBEB58F-C3C8-476A-942F-7F7660368467}.Debug|iPhoneSimulator.Build.0 = Debug|Any CPU
		{EEBEB58F-C3C8-476A-942F-7F7660368467}.Debug|x64.ActiveCfg = Debug|Any CPU
		{EEBEB58F-C3C8-476A-942F-7F7660368467}.Debug|x64.Build.0 = Debug|Any CPU
		{EEBEB58F-C3C8-476A-942F-7F7660368467}.Debug|x86.ActiveCfg = Debug|Any CPU
		{EEBEB58F-C3C8-476A-942F-7F7660368467}.Debug|x86.Build.0 = Debug|Any CPU
		{EEBEB58F-C3C8-476A-942F-7F7660368467}.Release|Any CPU.ActiveCfg = Release|Any CPU
		{EEBEB58F-C3C8-476A-942F-7F7660368467}.Release|Any CPU.Build.0 = Release|Any CPU
		{EEBEB58F-C3C8-476A-942F-7F7660368467}.Release|ARM.ActiveCfg = Release|Any CPU
		{EEBEB58F-C3C8-476A-942F-7F7660368467}.Release|ARM.Build.0 = Release|Any CPU
		{EEBEB58F-C3C8-476A-942F-7F7660368467}.Release|iPhone.ActiveCfg = Release|Any CPU
		{EEBEB58F-C3C8-476A-942F-7F7660368467}.Release|iPhone.Build.0 = Release|Any CPU
		{EEBEB58F-C3C8-476A-942F-7F7660368467}.Release|iPhoneSimulator.ActiveCfg = Release|Any CPU
		{EEBEB58F-C3C8-476A-942F-7F7660368467}.Release|iPhoneSimulator.Build.0 = Release|Any CPU
		{EEBEB58F-C3C8-476A-942F-7F7660368467}.Release|x64.ActiveCfg = Release|Any CPU
		{EEBEB58F-C3C8-476A-942F-7F7660368467}.Release|x64.Build.0 = Release|Any CPU
		{EEBEB58F-C3C8-476A-942F-7F7660368467}.Release|x86.ActiveCfg = Release|Any CPU
		{EEBEB58F-C3C8-476A-942F-7F7660368467}.Release|x86.Build.0 = Release|Any CPU
		{2E4571D5-A49D-4B8C-875B-BF33FBA3777A}.Ad-Hoc|Any CPU.ActiveCfg = Release|Any CPU
		{2E4571D5-A49D-4B8C-875B-BF33FBA3777A}.Ad-Hoc|Any CPU.Build.0 = Release|Any CPU
		{2E4571D5-A49D-4B8C-875B-BF33FBA3777A}.Ad-Hoc|Any CPU.Deploy.0 = Release|Any CPU
		{2E4571D5-A49D-4B8C-875B-BF33FBA3777A}.Ad-Hoc|ARM.ActiveCfg = Release|Any CPU
		{2E4571D5-A49D-4B8C-875B-BF33FBA3777A}.Ad-Hoc|ARM.Build.0 = Release|Any CPU
		{2E4571D5-A49D-4B8C-875B-BF33FBA3777A}.Ad-Hoc|ARM.Deploy.0 = Release|Any CPU
		{2E4571D5-A49D-4B8C-875B-BF33FBA3777A}.Ad-Hoc|iPhone.ActiveCfg = Release|Any CPU
		{2E4571D5-A49D-4B8C-875B-BF33FBA3777A}.Ad-Hoc|iPhone.Build.0 = Release|Any CPU
		{2E4571D5-A49D-4B8C-875B-BF33FBA3777A}.Ad-Hoc|iPhone.Deploy.0 = Release|Any CPU
		{2E4571D5-A49D-4B8C-875B-BF33FBA3777A}.Ad-Hoc|iPhoneSimulator.ActiveCfg = Release|Any CPU
		{2E4571D5-A49D-4B8C-875B-BF33FBA3777A}.Ad-Hoc|iPhoneSimulator.Build.0 = Release|Any CPU
		{2E4571D5-A49D-4B8C-875B-BF33FBA3777A}.Ad-Hoc|iPhoneSimulator.Deploy.0 = Release|Any CPU
		{2E4571D5-A49D-4B8C-875B-BF33FBA3777A}.Ad-Hoc|x64.ActiveCfg = Release|Any CPU
		{2E4571D5-A49D-4B8C-875B-BF33FBA3777A}.Ad-Hoc|x64.Build.0 = Release|Any CPU
		{2E4571D5-A49D-4B8C-875B-BF33FBA3777A}.Ad-Hoc|x64.Deploy.0 = Release|Any CPU
		{2E4571D5-A49D-4B8C-875B-BF33FBA3777A}.Ad-Hoc|x86.ActiveCfg = Release|Any CPU
		{2E4571D5-A49D-4B8C-875B-BF33FBA3777A}.Ad-Hoc|x86.Build.0 = Release|Any CPU
		{2E4571D5-A49D-4B8C-875B-BF33FBA3777A}.Ad-Hoc|x86.Deploy.0 = Release|Any CPU
		{2E4571D5-A49D-4B8C-875B-BF33FBA3777A}.AppStore|Any CPU.ActiveCfg = Release|Any CPU
		{2E4571D5-A49D-4B8C-875B-BF33FBA3777A}.AppStore|Any CPU.Build.0 = Release|Any CPU
		{2E4571D5-A49D-4B8C-875B-BF33FBA3777A}.AppStore|Any CPU.Deploy.0 = Release|Any CPU
		{2E4571D5-A49D-4B8C-875B-BF33FBA3777A}.AppStore|ARM.ActiveCfg = Release|Any CPU
		{2E4571D5-A49D-4B8C-875B-BF33FBA3777A}.AppStore|ARM.Build.0 = Release|Any CPU
		{2E4571D5-A49D-4B8C-875B-BF33FBA3777A}.AppStore|ARM.Deploy.0 = Release|Any CPU
		{2E4571D5-A49D-4B8C-875B-BF33FBA3777A}.AppStore|iPhone.ActiveCfg = Release|Any CPU
		{2E4571D5-A49D-4B8C-875B-BF33FBA3777A}.AppStore|iPhone.Build.0 = Release|Any CPU
		{2E4571D5-A49D-4B8C-875B-BF33FBA3777A}.AppStore|iPhone.Deploy.0 = Release|Any CPU
		{2E4571D5-A49D-4B8C-875B-BF33FBA3777A}.AppStore|iPhoneSimulator.ActiveCfg = Release|Any CPU
		{2E4571D5-A49D-4B8C-875B-BF33FBA3777A}.AppStore|iPhoneSimulator.Build.0 = Release|Any CPU
		{2E4571D5-A49D-4B8C-875B-BF33FBA3777A}.AppStore|iPhoneSimulator.Deploy.0 = Release|Any CPU
		{2E4571D5-A49D-4B8C-875B-BF33FBA3777A}.AppStore|x64.ActiveCfg = Release|Any CPU
		{2E4571D5-A49D-4B8C-875B-BF33FBA3777A}.AppStore|x64.Build.0 = Release|Any CPU
		{2E4571D5-A49D-4B8C-875B-BF33FBA3777A}.AppStore|x64.Deploy.0 = Release|Any CPU
		{2E4571D5-A49D-4B8C-875B-BF33FBA3777A}.AppStore|x86.ActiveCfg = Release|Any CPU
		{2E4571D5-A49D-4B8C-875B-BF33FBA3777A}.AppStore|x86.Build.0 = Release|Any CPU
		{2E4571D5-A49D-4B8C-875B-BF33FBA3777A}.AppStore|x86.Deploy.0 = Release|Any CPU
		{2E4571D5-A49D-4B8C-875B-BF33FBA3777A}.Debug|Any CPU.ActiveCfg = Debug|Any CPU
		{2E4571D5-A49D-4B8C-875B-BF33FBA3777A}.Debug|Any CPU.Build.0 = Debug|Any CPU
		{2E4571D5-A49D-4B8C-875B-BF33FBA3777A}.Debug|Any CPU.Deploy.0 = Debug|Any CPU
		{2E4571D5-A49D-4B8C-875B-BF33FBA3777A}.Debug|ARM.ActiveCfg = Debug|Any CPU
		{2E4571D5-A49D-4B8C-875B-BF33FBA3777A}.Debug|ARM.Build.0 = Debug|Any CPU
		{2E4571D5-A49D-4B8C-875B-BF33FBA3777A}.Debug|ARM.Deploy.0 = Debug|Any CPU
		{2E4571D5-A49D-4B8C-875B-BF33FBA3777A}.Debug|iPhone.ActiveCfg = Debug|Any CPU
		{2E4571D5-A49D-4B8C-875B-BF33FBA3777A}.Debug|iPhone.Build.0 = Debug|Any CPU
		{2E4571D5-A49D-4B8C-875B-BF33FBA3777A}.Debug|iPhone.Deploy.0 = Debug|Any CPU
		{2E4571D5-A49D-4B8C-875B-BF33FBA3777A}.Debug|iPhoneSimulator.ActiveCfg = Debug|Any CPU
		{2E4571D5-A49D-4B8C-875B-BF33FBA3777A}.Debug|iPhoneSimulator.Build.0 = Debug|Any CPU
		{2E4571D5-A49D-4B8C-875B-BF33FBA3777A}.Debug|iPhoneSimulator.Deploy.0 = Debug|Any CPU
		{2E4571D5-A49D-4B8C-875B-BF33FBA3777A}.Debug|x64.ActiveCfg = Debug|Any CPU
		{2E4571D5-A49D-4B8C-875B-BF33FBA3777A}.Debug|x64.Build.0 = Debug|Any CPU
		{2E4571D5-A49D-4B8C-875B-BF33FBA3777A}.Debug|x64.Deploy.0 = Debug|Any CPU
		{2E4571D5-A49D-4B8C-875B-BF33FBA3777A}.Debug|x86.ActiveCfg = Debug|Any CPU
		{2E4571D5-A49D-4B8C-875B-BF33FBA3777A}.Debug|x86.Build.0 = Debug|Any CPU
		{2E4571D5-A49D-4B8C-875B-BF33FBA3777A}.Debug|x86.Deploy.0 = Debug|Any CPU
		{2E4571D5-A49D-4B8C-875B-BF33FBA3777A}.Release|Any CPU.ActiveCfg = Release|Any CPU
		{2E4571D5-A49D-4B8C-875B-BF33FBA3777A}.Release|Any CPU.Build.0 = Release|Any CPU
		{2E4571D5-A49D-4B8C-875B-BF33FBA3777A}.Release|Any CPU.Deploy.0 = Release|Any CPU
		{2E4571D5-A49D-4B8C-875B-BF33FBA3777A}.Release|ARM.ActiveCfg = Release|Any CPU
		{2E4571D5-A49D-4B8C-875B-BF33FBA3777A}.Release|ARM.Build.0 = Release|Any CPU
		{2E4571D5-A49D-4B8C-875B-BF33FBA3777A}.Release|ARM.Deploy.0 = Release|Any CPU
		{2E4571D5-A49D-4B8C-875B-BF33FBA3777A}.Release|iPhone.ActiveCfg = Release|Any CPU
		{2E4571D5-A49D-4B8C-875B-BF33FBA3777A}.Release|iPhone.Build.0 = Release|Any CPU
		{2E4571D5-A49D-4B8C-875B-BF33FBA3777A}.Release|iPhone.Deploy.0 = Release|Any CPU
		{2E4571D5-A49D-4B8C-875B-BF33FBA3777A}.Release|iPhoneSimulator.ActiveCfg = Release|Any CPU
		{2E4571D5-A49D-4B8C-875B-BF33FBA3777A}.Release|iPhoneSimulator.Build.0 = Release|Any CPU
		{2E4571D5-A49D-4B8C-875B-BF33FBA3777A}.Release|iPhoneSimulator.Deploy.0 = Release|Any CPU
		{2E4571D5-A49D-4B8C-875B-BF33FBA3777A}.Release|x64.ActiveCfg = Release|Any CPU
		{2E4571D5-A49D-4B8C-875B-BF33FBA3777A}.Release|x64.Build.0 = Release|Any CPU
		{2E4571D5-A49D-4B8C-875B-BF33FBA3777A}.Release|x64.Deploy.0 = Release|Any CPU
		{2E4571D5-A49D-4B8C-875B-BF33FBA3777A}.Release|x86.ActiveCfg = Release|Any CPU
		{2E4571D5-A49D-4B8C-875B-BF33FBA3777A}.Release|x86.Build.0 = Release|Any CPU
		{2E4571D5-A49D-4B8C-875B-BF33FBA3777A}.Release|x86.Deploy.0 = Release|Any CPU
		{BAB0CCFB-C4FB-4529-BC6F-FF28DBD9C50A}.Ad-Hoc|Any CPU.ActiveCfg = Ad-Hoc|iPhone
		{BAB0CCFB-C4FB-4529-BC6F-FF28DBD9C50A}.Ad-Hoc|ARM.ActiveCfg = Ad-Hoc|iPhone
		{BAB0CCFB-C4FB-4529-BC6F-FF28DBD9C50A}.Ad-Hoc|iPhone.ActiveCfg = Ad-Hoc|iPhone
		{BAB0CCFB-C4FB-4529-BC6F-FF28DBD9C50A}.Ad-Hoc|iPhone.Build.0 = Ad-Hoc|iPhone
		{BAB0CCFB-C4FB-4529-BC6F-FF28DBD9C50A}.Ad-Hoc|iPhoneSimulator.ActiveCfg = Ad-Hoc|iPhoneSimulator
		{BAB0CCFB-C4FB-4529-BC6F-FF28DBD9C50A}.Ad-Hoc|iPhoneSimulator.Build.0 = Ad-Hoc|iPhoneSimulator
		{BAB0CCFB-C4FB-4529-BC6F-FF28DBD9C50A}.Ad-Hoc|x64.ActiveCfg = Ad-Hoc|iPhone
		{BAB0CCFB-C4FB-4529-BC6F-FF28DBD9C50A}.Ad-Hoc|x86.ActiveCfg = Ad-Hoc|iPhone
		{BAB0CCFB-C4FB-4529-BC6F-FF28DBD9C50A}.AppStore|Any CPU.ActiveCfg = AppStore|iPhone
		{BAB0CCFB-C4FB-4529-BC6F-FF28DBD9C50A}.AppStore|ARM.ActiveCfg = AppStore|iPhone
		{BAB0CCFB-C4FB-4529-BC6F-FF28DBD9C50A}.AppStore|iPhone.ActiveCfg = AppStore|iPhone
		{BAB0CCFB-C4FB-4529-BC6F-FF28DBD9C50A}.AppStore|iPhone.Build.0 = AppStore|iPhone
		{BAB0CCFB-C4FB-4529-BC6F-FF28DBD9C50A}.AppStore|iPhoneSimulator.ActiveCfg = AppStore|iPhoneSimulator
		{BAB0CCFB-C4FB-4529-BC6F-FF28DBD9C50A}.AppStore|iPhoneSimulator.Build.0 = AppStore|iPhoneSimulator
		{BAB0CCFB-C4FB-4529-BC6F-FF28DBD9C50A}.AppStore|x64.ActiveCfg = AppStore|iPhone
		{BAB0CCFB-C4FB-4529-BC6F-FF28DBD9C50A}.AppStore|x86.ActiveCfg = AppStore|iPhone
		{BAB0CCFB-C4FB-4529-BC6F-FF28DBD9C50A}.Debug|Any CPU.ActiveCfg = Debug|iPhone
		{BAB0CCFB-C4FB-4529-BC6F-FF28DBD9C50A}.Debug|ARM.ActiveCfg = Debug|iPhone
		{BAB0CCFB-C4FB-4529-BC6F-FF28DBD9C50A}.Debug|iPhone.ActiveCfg = Debug|iPhone
		{BAB0CCFB-C4FB-4529-BC6F-FF28DBD9C50A}.Debug|iPhone.Build.0 = Debug|iPhone
		{BAB0CCFB-C4FB-4529-BC6F-FF28DBD9C50A}.Debug|iPhoneSimulator.ActiveCfg = Debug|iPhoneSimulator
		{BAB0CCFB-C4FB-4529-BC6F-FF28DBD9C50A}.Debug|iPhoneSimulator.Build.0 = Debug|iPhoneSimulator
		{BAB0CCFB-C4FB-4529-BC6F-FF28DBD9C50A}.Debug|x64.ActiveCfg = Debug|iPhone
		{BAB0CCFB-C4FB-4529-BC6F-FF28DBD9C50A}.Debug|x86.ActiveCfg = Debug|iPhone
		{BAB0CCFB-C4FB-4529-BC6F-FF28DBD9C50A}.Release|Any CPU.ActiveCfg = Release|iPhone
		{BAB0CCFB-C4FB-4529-BC6F-FF28DBD9C50A}.Release|ARM.ActiveCfg = Release|iPhone
		{BAB0CCFB-C4FB-4529-BC6F-FF28DBD9C50A}.Release|iPhone.ActiveCfg = Release|iPhone
		{BAB0CCFB-C4FB-4529-BC6F-FF28DBD9C50A}.Release|iPhone.Build.0 = Release|iPhone
		{BAB0CCFB-C4FB-4529-BC6F-FF28DBD9C50A}.Release|iPhoneSimulator.ActiveCfg = Release|iPhoneSimulator
		{BAB0CCFB-C4FB-4529-BC6F-FF28DBD9C50A}.Release|iPhoneSimulator.Build.0 = Release|iPhoneSimulator
		{BAB0CCFB-C4FB-4529-BC6F-FF28DBD9C50A}.Release|x64.ActiveCfg = Release|iPhone
		{BAB0CCFB-C4FB-4529-BC6F-FF28DBD9C50A}.Release|x86.ActiveCfg = Release|iPhone
		{593F99F0-9058-459F-9A2E-0286CFA642A4}.Ad-Hoc|Any CPU.ActiveCfg = Release|Any CPU
		{593F99F0-9058-459F-9A2E-0286CFA642A4}.Ad-Hoc|Any CPU.Build.0 = Release|Any CPU
		{593F99F0-9058-459F-9A2E-0286CFA642A4}.Ad-Hoc|Any CPU.Deploy.0 = Release|Any CPU
		{593F99F0-9058-459F-9A2E-0286CFA642A4}.Ad-Hoc|ARM.ActiveCfg = Release|ARM
		{593F99F0-9058-459F-9A2E-0286CFA642A4}.Ad-Hoc|ARM.Build.0 = Release|ARM
		{593F99F0-9058-459F-9A2E-0286CFA642A4}.Ad-Hoc|ARM.Deploy.0 = Release|ARM
		{593F99F0-9058-459F-9A2E-0286CFA642A4}.Ad-Hoc|iPhone.ActiveCfg = Release|Any CPU
		{593F99F0-9058-459F-9A2E-0286CFA642A4}.Ad-Hoc|iPhone.Build.0 = Release|Any CPU
		{593F99F0-9058-459F-9A2E-0286CFA642A4}.Ad-Hoc|iPhone.Deploy.0 = Release|Any CPU
		{593F99F0-9058-459F-9A2E-0286CFA642A4}.Ad-Hoc|iPhoneSimulator.ActiveCfg = Release|Any CPU
		{593F99F0-9058-459F-9A2E-0286CFA642A4}.Ad-Hoc|iPhoneSimulator.Build.0 = Release|Any CPU
		{593F99F0-9058-459F-9A2E-0286CFA642A4}.Ad-Hoc|iPhoneSimulator.Deploy.0 = Release|Any CPU
		{593F99F0-9058-459F-9A2E-0286CFA642A4}.Ad-Hoc|x64.ActiveCfg = Release|Any CPU
		{593F99F0-9058-459F-9A2E-0286CFA642A4}.Ad-Hoc|x64.Build.0 = Release|Any CPU
		{593F99F0-9058-459F-9A2E-0286CFA642A4}.Ad-Hoc|x64.Deploy.0 = Release|Any CPU
		{593F99F0-9058-459F-9A2E-0286CFA642A4}.Ad-Hoc|x86.ActiveCfg = Release|x86
		{593F99F0-9058-459F-9A2E-0286CFA642A4}.Ad-Hoc|x86.Build.0 = Release|x86
		{593F99F0-9058-459F-9A2E-0286CFA642A4}.Ad-Hoc|x86.Deploy.0 = Release|x86
		{593F99F0-9058-459F-9A2E-0286CFA642A4}.AppStore|Any CPU.ActiveCfg = Release|Any CPU
		{593F99F0-9058-459F-9A2E-0286CFA642A4}.AppStore|Any CPU.Build.0 = Release|Any CPU
		{593F99F0-9058-459F-9A2E-0286CFA642A4}.AppStore|Any CPU.Deploy.0 = Release|Any CPU
		{593F99F0-9058-459F-9A2E-0286CFA642A4}.AppStore|ARM.ActiveCfg = Release|ARM
		{593F99F0-9058-459F-9A2E-0286CFA642A4}.AppStore|ARM.Build.0 = Release|ARM
		{593F99F0-9058-459F-9A2E-0286CFA642A4}.AppStore|ARM.Deploy.0 = Release|ARM
		{593F99F0-9058-459F-9A2E-0286CFA642A4}.AppStore|iPhone.ActiveCfg = Release|Any CPU
		{593F99F0-9058-459F-9A2E-0286CFA642A4}.AppStore|iPhone.Build.0 = Release|Any CPU
		{593F99F0-9058-459F-9A2E-0286CFA642A4}.AppStore|iPhone.Deploy.0 = Release|Any CPU
		{593F99F0-9058-459F-9A2E-0286CFA642A4}.AppStore|iPhoneSimulator.ActiveCfg = Release|Any CPU
		{593F99F0-9058-459F-9A2E-0286CFA642A4}.AppStore|iPhoneSimulator.Build.0 = Release|Any CPU
		{593F99F0-9058-459F-9A2E-0286CFA642A4}.AppStore|iPhoneSimulator.Deploy.0 = Release|Any CPU
		{593F99F0-9058-459F-9A2E-0286CFA642A4}.AppStore|x64.ActiveCfg = Release|Any CPU
		{593F99F0-9058-459F-9A2E-0286CFA642A4}.AppStore|x64.Build.0 = Release|Any CPU
		{593F99F0-9058-459F-9A2E-0286CFA642A4}.AppStore|x64.Deploy.0 = Release|Any CPU
		{593F99F0-9058-459F-9A2E-0286CFA642A4}.AppStore|x86.ActiveCfg = Release|x86
		{593F99F0-9058-459F-9A2E-0286CFA642A4}.AppStore|x86.Build.0 = Release|x86
		{593F99F0-9058-459F-9A2E-0286CFA642A4}.AppStore|x86.Deploy.0 = Release|x86
		{593F99F0-9058-459F-9A2E-0286CFA642A4}.Debug|Any CPU.ActiveCfg = Debug|Any CPU
		{593F99F0-9058-459F-9A2E-0286CFA642A4}.Debug|Any CPU.Build.0 = Debug|Any CPU
		{593F99F0-9058-459F-9A2E-0286CFA642A4}.Debug|Any CPU.Deploy.0 = Debug|Any CPU
		{593F99F0-9058-459F-9A2E-0286CFA642A4}.Debug|ARM.ActiveCfg = Debug|ARM
		{593F99F0-9058-459F-9A2E-0286CFA642A4}.Debug|ARM.Build.0 = Debug|ARM
		{593F99F0-9058-459F-9A2E-0286CFA642A4}.Debug|ARM.Deploy.0 = Debug|ARM
		{593F99F0-9058-459F-9A2E-0286CFA642A4}.Debug|iPhone.ActiveCfg = Debug|Any CPU
		{593F99F0-9058-459F-9A2E-0286CFA642A4}.Debug|iPhone.Build.0 = Debug|Any CPU
		{593F99F0-9058-459F-9A2E-0286CFA642A4}.Debug|iPhone.Deploy.0 = Debug|Any CPU
		{593F99F0-9058-459F-9A2E-0286CFA642A4}.Debug|iPhoneSimulator.ActiveCfg = Debug|Any CPU
		{593F99F0-9058-459F-9A2E-0286CFA642A4}.Debug|iPhoneSimulator.Build.0 = Debug|Any CPU
		{593F99F0-9058-459F-9A2E-0286CFA642A4}.Debug|iPhoneSimulator.Deploy.0 = Debug|Any CPU
		{593F99F0-9058-459F-9A2E-0286CFA642A4}.Debug|x64.ActiveCfg = Debug|Any CPU
		{593F99F0-9058-459F-9A2E-0286CFA642A4}.Debug|x64.Build.0 = Debug|Any CPU
		{593F99F0-9058-459F-9A2E-0286CFA642A4}.Debug|x64.Deploy.0 = Debug|Any CPU
		{593F99F0-9058-459F-9A2E-0286CFA642A4}.Debug|x86.ActiveCfg = Debug|x86
		{593F99F0-9058-459F-9A2E-0286CFA642A4}.Debug|x86.Build.0 = Debug|x86
		{593F99F0-9058-459F-9A2E-0286CFA642A4}.Debug|x86.Deploy.0 = Debug|x86
		{593F99F0-9058-459F-9A2E-0286CFA642A4}.Release|Any CPU.ActiveCfg = Release|Any CPU
		{593F99F0-9058-459F-9A2E-0286CFA642A4}.Release|Any CPU.Build.0 = Release|Any CPU
		{593F99F0-9058-459F-9A2E-0286CFA642A4}.Release|Any CPU.Deploy.0 = Release|Any CPU
		{593F99F0-9058-459F-9A2E-0286CFA642A4}.Release|ARM.ActiveCfg = Release|ARM
		{593F99F0-9058-459F-9A2E-0286CFA642A4}.Release|ARM.Build.0 = Release|ARM
		{593F99F0-9058-459F-9A2E-0286CFA642A4}.Release|ARM.Deploy.0 = Release|ARM
		{593F99F0-9058-459F-9A2E-0286CFA642A4}.Release|iPhone.ActiveCfg = Release|Any CPU
		{593F99F0-9058-459F-9A2E-0286CFA642A4}.Release|iPhone.Build.0 = Release|Any CPU
		{593F99F0-9058-459F-9A2E-0286CFA642A4}.Release|iPhone.Deploy.0 = Release|Any CPU
		{593F99F0-9058-459F-9A2E-0286CFA642A4}.Release|iPhoneSimulator.ActiveCfg = Release|Any CPU
		{593F99F0-9058-459F-9A2E-0286CFA642A4}.Release|iPhoneSimulator.Build.0 = Release|Any CPU
		{593F99F0-9058-459F-9A2E-0286CFA642A4}.Release|iPhoneSimulator.Deploy.0 = Release|Any CPU
		{593F99F0-9058-459F-9A2E-0286CFA642A4}.Release|x64.ActiveCfg = Release|Any CPU
		{593F99F0-9058-459F-9A2E-0286CFA642A4}.Release|x64.Build.0 = Release|Any CPU
		{593F99F0-9058-459F-9A2E-0286CFA642A4}.Release|x64.Deploy.0 = Release|Any CPU
		{593F99F0-9058-459F-9A2E-0286CFA642A4}.Release|x86.ActiveCfg = Release|x86
		{593F99F0-9058-459F-9A2E-0286CFA642A4}.Release|x86.Build.0 = Release|x86
		{593F99F0-9058-459F-9A2E-0286CFA642A4}.Release|x86.Deploy.0 = Release|x86
		{12D4BF7E-AD2E-4D15-9E66-145EB0A86F82}.Ad-Hoc|Any CPU.ActiveCfg = Release|x86
		{12D4BF7E-AD2E-4D15-9E66-145EB0A86F82}.Ad-Hoc|Any CPU.Build.0 = Release|x86
		{12D4BF7E-AD2E-4D15-9E66-145EB0A86F82}.Ad-Hoc|Any CPU.Deploy.0 = Release|x86
		{12D4BF7E-AD2E-4D15-9E66-145EB0A86F82}.Ad-Hoc|ARM.ActiveCfg = Release|ARM
		{12D4BF7E-AD2E-4D15-9E66-145EB0A86F82}.Ad-Hoc|ARM.Build.0 = Release|ARM
		{12D4BF7E-AD2E-4D15-9E66-145EB0A86F82}.Ad-Hoc|ARM.Deploy.0 = Release|ARM
		{12D4BF7E-AD2E-4D15-9E66-145EB0A86F82}.Ad-Hoc|iPhone.ActiveCfg = Release|x86
		{12D4BF7E-AD2E-4D15-9E66-145EB0A86F82}.Ad-Hoc|iPhone.Build.0 = Release|x86
		{12D4BF7E-AD2E-4D15-9E66-145EB0A86F82}.Ad-Hoc|iPhone.Deploy.0 = Release|x86
		{12D4BF7E-AD2E-4D15-9E66-145EB0A86F82}.Ad-Hoc|iPhoneSimulator.ActiveCfg = Release|x86
		{12D4BF7E-AD2E-4D15-9E66-145EB0A86F82}.Ad-Hoc|iPhoneSimulator.Build.0 = Release|x86
		{12D4BF7E-AD2E-4D15-9E66-145EB0A86F82}.Ad-Hoc|iPhoneSimulator.Deploy.0 = Release|x86
		{12D4BF7E-AD2E-4D15-9E66-145EB0A86F82}.Ad-Hoc|x64.ActiveCfg = Release|x64
		{12D4BF7E-AD2E-4D15-9E66-145EB0A86F82}.Ad-Hoc|x64.Build.0 = Release|x64
		{12D4BF7E-AD2E-4D15-9E66-145EB0A86F82}.Ad-Hoc|x64.Deploy.0 = Release|x64
		{12D4BF7E-AD2E-4D15-9E66-145EB0A86F82}.Ad-Hoc|x86.ActiveCfg = Release|x86
		{12D4BF7E-AD2E-4D15-9E66-145EB0A86F82}.Ad-Hoc|x86.Build.0 = Release|x86
		{12D4BF7E-AD2E-4D15-9E66-145EB0A86F82}.Ad-Hoc|x86.Deploy.0 = Release|x86
		{12D4BF7E-AD2E-4D15-9E66-145EB0A86F82}.AppStore|Any CPU.ActiveCfg = Release|x86
		{12D4BF7E-AD2E-4D15-9E66-145EB0A86F82}.AppStore|Any CPU.Build.0 = Release|x86
		{12D4BF7E-AD2E-4D15-9E66-145EB0A86F82}.AppStore|Any CPU.Deploy.0 = Release|x86
		{12D4BF7E-AD2E-4D15-9E66-145EB0A86F82}.AppStore|ARM.ActiveCfg = Release|ARM
		{12D4BF7E-AD2E-4D15-9E66-145EB0A86F82}.AppStore|ARM.Build.0 = Release|ARM
		{12D4BF7E-AD2E-4D15-9E66-145EB0A86F82}.AppStore|ARM.Deploy.0 = Release|ARM
		{12D4BF7E-AD2E-4D15-9E66-145EB0A86F82}.AppStore|iPhone.ActiveCfg = Release|x86
		{12D4BF7E-AD2E-4D15-9E66-145EB0A86F82}.AppStore|iPhone.Build.0 = Release|x86
		{12D4BF7E-AD2E-4D15-9E66-145EB0A86F82}.AppStore|iPhone.Deploy.0 = Release|x86
		{12D4BF7E-AD2E-4D15-9E66-145EB0A86F82}.AppStore|iPhoneSimulator.ActiveCfg = Release|x86
		{12D4BF7E-AD2E-4D15-9E66-145EB0A86F82}.AppStore|iPhoneSimulator.Build.0 = Release|x86
		{12D4BF7E-AD2E-4D15-9E66-145EB0A86F82}.AppStore|iPhoneSimulator.Deploy.0 = Release|x86
		{12D4BF7E-AD2E-4D15-9E66-145EB0A86F82}.AppStore|x64.ActiveCfg = Release|x64
		{12D4BF7E-AD2E-4D15-9E66-145EB0A86F82}.AppStore|x64.Build.0 = Release|x64
		{12D4BF7E-AD2E-4D15-9E66-145EB0A86F82}.AppStore|x64.Deploy.0 = Release|x64
		{12D4BF7E-AD2E-4D15-9E66-145EB0A86F82}.AppStore|x86.ActiveCfg = Release|x86
		{12D4BF7E-AD2E-4D15-9E66-145EB0A86F82}.AppStore|x86.Build.0 = Release|x86
		{12D4BF7E-AD2E-4D15-9E66-145EB0A86F82}.AppStore|x86.Deploy.0 = Release|x86
		{12D4BF7E-AD2E-4D15-9E66-145EB0A86F82}.Debug|Any CPU.ActiveCfg = Debug|x86
		{12D4BF7E-AD2E-4D15-9E66-145EB0A86F82}.Debug|ARM.ActiveCfg = Debug|ARM
		{12D4BF7E-AD2E-4D15-9E66-145EB0A86F82}.Debug|ARM.Build.0 = Debug|ARM
		{12D4BF7E-AD2E-4D15-9E66-145EB0A86F82}.Debug|ARM.Deploy.0 = Debug|ARM
		{12D4BF7E-AD2E-4D15-9E66-145EB0A86F82}.Debug|iPhone.ActiveCfg = Debug|x86
		{12D4BF7E-AD2E-4D15-9E66-145EB0A86F82}.Debug|iPhoneSimulator.ActiveCfg = Debug|x86
		{12D4BF7E-AD2E-4D15-9E66-145EB0A86F82}.Debug|x64.ActiveCfg = Debug|x64
		{12D4BF7E-AD2E-4D15-9E66-145EB0A86F82}.Debug|x64.Build.0 = Debug|x64
		{12D4BF7E-AD2E-4D15-9E66-145EB0A86F82}.Debug|x64.Deploy.0 = Debug|x64
		{12D4BF7E-AD2E-4D15-9E66-145EB0A86F82}.Debug|x86.ActiveCfg = Debug|x86
		{12D4BF7E-AD2E-4D15-9E66-145EB0A86F82}.Debug|x86.Build.0 = Debug|x86
		{12D4BF7E-AD2E-4D15-9E66-145EB0A86F82}.Debug|x86.Deploy.0 = Debug|x86
		{12D4BF7E-AD2E-4D15-9E66-145EB0A86F82}.Release|Any CPU.ActiveCfg = Release|x86
		{12D4BF7E-AD2E-4D15-9E66-145EB0A86F82}.Release|ARM.ActiveCfg = Release|ARM
		{12D4BF7E-AD2E-4D15-9E66-145EB0A86F82}.Release|ARM.Build.0 = Release|ARM
		{12D4BF7E-AD2E-4D15-9E66-145EB0A86F82}.Release|ARM.Deploy.0 = Release|ARM
		{12D4BF7E-AD2E-4D15-9E66-145EB0A86F82}.Release|iPhone.ActiveCfg = Release|x86
		{12D4BF7E-AD2E-4D15-9E66-145EB0A86F82}.Release|iPhoneSimulator.ActiveCfg = Release|x86
		{12D4BF7E-AD2E-4D15-9E66-145EB0A86F82}.Release|x64.ActiveCfg = Release|x64
		{12D4BF7E-AD2E-4D15-9E66-145EB0A86F82}.Release|x64.Build.0 = Release|x64
		{12D4BF7E-AD2E-4D15-9E66-145EB0A86F82}.Release|x64.Deploy.0 = Release|x64
		{12D4BF7E-AD2E-4D15-9E66-145EB0A86F82}.Release|x86.ActiveCfg = Release|x86
		{12D4BF7E-AD2E-4D15-9E66-145EB0A86F82}.Release|x86.Build.0 = Release|x86
		{12D4BF7E-AD2E-4D15-9E66-145EB0A86F82}.Release|x86.Deploy.0 = Release|x86
		{C125252A-E4FC-45BD-9849-B81F4B55C037}.Ad-Hoc|Any CPU.ActiveCfg = Release|Any CPU
		{C125252A-E4FC-45BD-9849-B81F4B55C037}.Ad-Hoc|Any CPU.Build.0 = Release|Any CPU
		{C125252A-E4FC-45BD-9849-B81F4B55C037}.Ad-Hoc|Any CPU.Deploy.0 = Release|Any CPU
		{C125252A-E4FC-45BD-9849-B81F4B55C037}.Ad-Hoc|ARM.ActiveCfg = Release|ARM
		{C125252A-E4FC-45BD-9849-B81F4B55C037}.Ad-Hoc|ARM.Build.0 = Release|ARM
		{C125252A-E4FC-45BD-9849-B81F4B55C037}.Ad-Hoc|ARM.Deploy.0 = Release|ARM
		{C125252A-E4FC-45BD-9849-B81F4B55C037}.Ad-Hoc|iPhone.ActiveCfg = Release|Any CPU
		{C125252A-E4FC-45BD-9849-B81F4B55C037}.Ad-Hoc|iPhone.Build.0 = Release|Any CPU
		{C125252A-E4FC-45BD-9849-B81F4B55C037}.Ad-Hoc|iPhone.Deploy.0 = Release|Any CPU
		{C125252A-E4FC-45BD-9849-B81F4B55C037}.Ad-Hoc|iPhoneSimulator.ActiveCfg = Release|Any CPU
		{C125252A-E4FC-45BD-9849-B81F4B55C037}.Ad-Hoc|iPhoneSimulator.Build.0 = Release|Any CPU
		{C125252A-E4FC-45BD-9849-B81F4B55C037}.Ad-Hoc|iPhoneSimulator.Deploy.0 = Release|Any CPU
		{C125252A-E4FC-45BD-9849-B81F4B55C037}.Ad-Hoc|x64.ActiveCfg = Release|x64
		{C125252A-E4FC-45BD-9849-B81F4B55C037}.Ad-Hoc|x64.Build.0 = Release|x64
		{C125252A-E4FC-45BD-9849-B81F4B55C037}.Ad-Hoc|x64.Deploy.0 = Release|x64
		{C125252A-E4FC-45BD-9849-B81F4B55C037}.Ad-Hoc|x86.ActiveCfg = Release|x86
		{C125252A-E4FC-45BD-9849-B81F4B55C037}.Ad-Hoc|x86.Build.0 = Release|x86
		{C125252A-E4FC-45BD-9849-B81F4B55C037}.Ad-Hoc|x86.Deploy.0 = Release|x86
		{C125252A-E4FC-45BD-9849-B81F4B55C037}.AppStore|Any CPU.ActiveCfg = Release|Any CPU
		{C125252A-E4FC-45BD-9849-B81F4B55C037}.AppStore|Any CPU.Build.0 = Release|Any CPU
		{C125252A-E4FC-45BD-9849-B81F4B55C037}.AppStore|Any CPU.Deploy.0 = Release|Any CPU
		{C125252A-E4FC-45BD-9849-B81F4B55C037}.AppStore|ARM.ActiveCfg = Release|ARM
		{C125252A-E4FC-45BD-9849-B81F4B55C037}.AppStore|ARM.Build.0 = Release|ARM
		{C125252A-E4FC-45BD-9849-B81F4B55C037}.AppStore|ARM.Deploy.0 = Release|ARM
		{C125252A-E4FC-45BD-9849-B81F4B55C037}.AppStore|iPhone.ActiveCfg = Release|Any CPU
		{C125252A-E4FC-45BD-9849-B81F4B55C037}.AppStore|iPhone.Build.0 = Release|Any CPU
		{C125252A-E4FC-45BD-9849-B81F4B55C037}.AppStore|iPhone.Deploy.0 = Release|Any CPU
		{C125252A-E4FC-45BD-9849-B81F4B55C037}.AppStore|iPhoneSimulator.ActiveCfg = Release|Any CPU
		{C125252A-E4FC-45BD-9849-B81F4B55C037}.AppStore|iPhoneSimulator.Build.0 = Release|Any CPU
		{C125252A-E4FC-45BD-9849-B81F4B55C037}.AppStore|iPhoneSimulator.Deploy.0 = Release|Any CPU
		{C125252A-E4FC-45BD-9849-B81F4B55C037}.AppStore|x64.ActiveCfg = Release|x64
		{C125252A-E4FC-45BD-9849-B81F4B55C037}.AppStore|x64.Build.0 = Release|x64
		{C125252A-E4FC-45BD-9849-B81F4B55C037}.AppStore|x64.Deploy.0 = Release|x64
		{C125252A-E4FC-45BD-9849-B81F4B55C037}.AppStore|x86.ActiveCfg = Release|x86
		{C125252A-E4FC-45BD-9849-B81F4B55C037}.AppStore|x86.Build.0 = Release|x86
		{C125252A-E4FC-45BD-9849-B81F4B55C037}.AppStore|x86.Deploy.0 = Release|x86
		{C125252A-E4FC-45BD-9849-B81F4B55C037}.Debug|Any CPU.ActiveCfg = Debug|Any CPU
		{C125252A-E4FC-45BD-9849-B81F4B55C037}.Debug|Any CPU.Build.0 = Debug|Any CPU
		{C125252A-E4FC-45BD-9849-B81F4B55C037}.Debug|Any CPU.Deploy.0 = Debug|Any CPU
		{C125252A-E4FC-45BD-9849-B81F4B55C037}.Debug|ARM.ActiveCfg = Debug|ARM
		{C125252A-E4FC-45BD-9849-B81F4B55C037}.Debug|ARM.Build.0 = Debug|ARM
		{C125252A-E4FC-45BD-9849-B81F4B55C037}.Debug|ARM.Deploy.0 = Debug|ARM
		{C125252A-E4FC-45BD-9849-B81F4B55C037}.Debug|iPhone.ActiveCfg = Debug|Any CPU
		{C125252A-E4FC-45BD-9849-B81F4B55C037}.Debug|iPhone.Build.0 = Debug|Any CPU
		{C125252A-E4FC-45BD-9849-B81F4B55C037}.Debug|iPhone.Deploy.0 = Debug|Any CPU
		{C125252A-E4FC-45BD-9849-B81F4B55C037}.Debug|iPhoneSimulator.ActiveCfg = Debug|Any CPU
		{C125252A-E4FC-45BD-9849-B81F4B55C037}.Debug|iPhoneSimulator.Build.0 = Debug|Any CPU
		{C125252A-E4FC-45BD-9849-B81F4B55C037}.Debug|iPhoneSimulator.Deploy.0 = Debug|Any CPU
		{C125252A-E4FC-45BD-9849-B81F4B55C037}.Debug|x64.ActiveCfg = Debug|x64
		{C125252A-E4FC-45BD-9849-B81F4B55C037}.Debug|x64.Build.0 = Debug|x64
		{C125252A-E4FC-45BD-9849-B81F4B55C037}.Debug|x64.Deploy.0 = Debug|x64
		{C125252A-E4FC-45BD-9849-B81F4B55C037}.Debug|x86.ActiveCfg = Debug|x86
		{C125252A-E4FC-45BD-9849-B81F4B55C037}.Debug|x86.Build.0 = Debug|x86
		{C125252A-E4FC-45BD-9849-B81F4B55C037}.Debug|x86.Deploy.0 = Debug|x86
		{C125252A-E4FC-45BD-9849-B81F4B55C037}.Release|Any CPU.ActiveCfg = Release|Any CPU
		{C125252A-E4FC-45BD-9849-B81F4B55C037}.Release|Any CPU.Build.0 = Release|Any CPU
		{C125252A-E4FC-45BD-9849-B81F4B55C037}.Release|Any CPU.Deploy.0 = Release|Any CPU
		{C125252A-E4FC-45BD-9849-B81F4B55C037}.Release|ARM.ActiveCfg = Release|ARM
		{C125252A-E4FC-45BD-9849-B81F4B55C037}.Release|ARM.Build.0 = Release|ARM
		{C125252A-E4FC-45BD-9849-B81F4B55C037}.Release|ARM.Deploy.0 = Release|ARM
		{C125252A-E4FC-45BD-9849-B81F4B55C037}.Release|iPhone.ActiveCfg = Release|Any CPU
		{C125252A-E4FC-45BD-9849-B81F4B55C037}.Release|iPhone.Build.0 = Release|Any CPU
		{C125252A-E4FC-45BD-9849-B81F4B55C037}.Release|iPhone.Deploy.0 = Release|Any CPU
		{C125252A-E4FC-45BD-9849-B81F4B55C037}.Release|iPhoneSimulator.ActiveCfg = Release|Any CPU
		{C125252A-E4FC-45BD-9849-B81F4B55C037}.Release|iPhoneSimulator.Build.0 = Release|Any CPU
		{C125252A-E4FC-45BD-9849-B81F4B55C037}.Release|iPhoneSimulator.Deploy.0 = Release|Any CPU
		{C125252A-E4FC-45BD-9849-B81F4B55C037}.Release|x64.ActiveCfg = Release|x64
		{C125252A-E4FC-45BD-9849-B81F4B55C037}.Release|x64.Build.0 = Release|x64
		{C125252A-E4FC-45BD-9849-B81F4B55C037}.Release|x64.Deploy.0 = Release|x64
		{C125252A-E4FC-45BD-9849-B81F4B55C037}.Release|x86.ActiveCfg = Release|x86
		{C125252A-E4FC-45BD-9849-B81F4B55C037}.Release|x86.Build.0 = Release|x86
		{C125252A-E4FC-45BD-9849-B81F4B55C037}.Release|x86.Deploy.0 = Release|x86
	EndGlobalSection
	GlobalSection(SolutionProperties) = preSolution
		HideSolutionNode = FALSE
	EndGlobalSection
EndGlobal
